// !$*UTF8*$!
{
	archiveVersion = 1;
	classes = {
	};
	objectVersion = 56;
	objects = {

/* Begin PBXBuildFile section */
		0116AFDE2B7BEE1C005180B7 /* MapView.swift in Sources */ = {isa = PBXBuildFile; fileRef = 0116AFDD2B7BEE1C005180B7 /* MapView.swift */; };
		012DC0542B7A3452009A6A75 /* LocationFetcher.swift in Sources */ = {isa = PBXBuildFile; fileRef = 012DC0532B7A3452009A6A75 /* LocationFetcher.swift */; };
		015B235F2B6DC60500D32935 /* SnapRecallApp.swift in Sources */ = {isa = PBXBuildFile; fileRef = 015B235E2B6DC60500D32935 /* SnapRecallApp.swift */; };
		015B23612B6DC60500D32935 /* ContentView.swift in Sources */ = {isa = PBXBuildFile; fileRef = 015B23602B6DC60500D32935 /* ContentView.swift */; };
		015B23632B6DC60700D32935 /* Assets.xcassets in Resources */ = {isa = PBXBuildFile; fileRef = 015B23622B6DC60700D32935 /* Assets.xcassets */; };
		015B23662B6DC60700D32935 /* Preview Assets.xcassets in Resources */ = {isa = PBXBuildFile; fileRef = 015B23652B6DC60700D32935 /* Preview Assets.xcassets */; };
		015B236D2B6DC66100D32935 /* Person.swift in Sources */ = {isa = PBXBuildFile; fileRef = 015B236C2B6DC66000D32935 /* Person.swift */; };
		015B23792B6E6A4D00D32935 /* AddView.swift in Sources */ = {isa = PBXBuildFile; fileRef = 015B23782B6E6A4D00D32935 /* AddView.swift */; };
		015B237B2B70954700D32935 /* ImageConverter.swift in Sources */ = {isa = PBXBuildFile; fileRef = 015B237A2B70954700D32935 /* ImageConverter.swift */; };
		01AA1D0C2B763CE300A5E70E /* DetailView.swift in Sources */ = {isa = PBXBuildFile; fileRef = 01AA1D0B2B763CE300A5E70E /* DetailView.swift */; };
/* End PBXBuildFile section */

/* Begin PBXFileReference section */
		0116AFDD2B7BEE1C005180B7 /* MapView.swift */ = {isa = PBXFileReference; lastKnownFileType = sourcecode.swift; path = MapView.swift; sourceTree = "<group>"; };
		012DC0532B7A3452009A6A75 /* LocationFetcher.swift */ = {isa = PBXFileReference; lastKnownFileType = sourcecode.swift; path = LocationFetcher.swift; sourceTree = "<group>"; };
		012DC0552B7A3667009A6A75 /* Info.plist */ = {isa = PBXFileReference; lastKnownFileType = text.plist; path = Info.plist; sourceTree = "<group>"; };
		015B235B2B6DC60500D32935 /* SnapRecall.app */ = {isa = PBXFileReference; explicitFileType = wrapper.application; includeInIndex = 0; path = SnapRecall.app; sourceTree = BUILT_PRODUCTS_DIR; };
		015B235E2B6DC60500D32935 /* SnapRecallApp.swift */ = {isa = PBXFileReference; lastKnownFileType = sourcecode.swift; path = SnapRecallApp.swift; sourceTree = "<group>"; };
		015B23602B6DC60500D32935 /* ContentView.swift */ = {isa = PBXFileReference; lastKnownFileType = sourcecode.swift; path = ContentView.swift; sourceTree = "<group>"; };
		015B23622B6DC60700D32935 /* Assets.xcassets */ = {isa = PBXFileReference; lastKnownFileType = folder.assetcatalog; path = Assets.xcassets; sourceTree = "<group>"; };
		015B23652B6DC60700D32935 /* Preview Assets.xcassets */ = {isa = PBXFileReference; lastKnownFileType = folder.assetcatalog; path = "Preview Assets.xcassets"; sourceTree = "<group>"; };
		015B236C2B6DC66000D32935 /* Person.swift */ = {isa = PBXFileReference; lastKnownFileType = sourcecode.swift; path = Person.swift; sourceTree = "<group>"; };
		015B23782B6E6A4D00D32935 /* AddView.swift */ = {isa = PBXFileReference; lastKnownFileType = sourcecode.swift; path = AddView.swift; sourceTree = "<group>"; };
		015B237A2B70954700D32935 /* ImageConverter.swift */ = {isa = PBXFileReference; lastKnownFileType = sourcecode.swift; path = ImageConverter.swift; sourceTree = "<group>"; };
		01AA1D0B2B763CE300A5E70E /* DetailView.swift */ = {isa = PBXFileReference; lastKnownFileType = sourcecode.swift; path = DetailView.swift; sourceTree = "<group>"; };
/* End PBXFileReference section */

/* Begin PBXFrameworksBuildPhase section */
		015B23582B6DC60500D32935 /* Frameworks */ = {
			isa = PBXFrameworksBuildPhase;
			buildActionMask = 2147483647;
			files = (
			);
			runOnlyForDeploymentPostprocessing = 0;
		};
/* End PBXFrameworksBuildPhase section */

/* Begin PBXGroup section */
		015B23522B6DC60500D32935 = {
			isa = PBXGroup;
			children = (
				015B235D2B6DC60500D32935 /* SnapRecall */,
				015B235C2B6DC60500D32935 /* Products */,
			);
			sourceTree = "<group>";
		};
		015B235C2B6DC60500D32935 /* Products */ = {
			isa = PBXGroup;
			children = (
				015B235B2B6DC60500D32935 /* SnapRecall.app */,
			);
			name = Products;
			sourceTree = "<group>";
		};
		015B235D2B6DC60500D32935 /* SnapRecall */ = {
			isa = PBXGroup;
			children = (
				012DC0552B7A3667009A6A75 /* Info.plist */,
				015B235E2B6DC60500D32935 /* SnapRecallApp.swift */,
				012DC0532B7A3452009A6A75 /* LocationFetcher.swift */,
				015B23602B6DC60500D32935 /* ContentView.swift */,
				0116AFDD2B7BEE1C005180B7 /* MapView.swift */,
				01AA1D0B2B763CE300A5E70E /* DetailView.swift */,
				015B236C2B6DC66000D32935 /* Person.swift */,
				015B23782B6E6A4D00D32935 /* AddView.swift */,
				015B237A2B70954700D32935 /* ImageConverter.swift */,
				015B23622B6DC60700D32935 /* Assets.xcassets */,
				015B23642B6DC60700D32935 /* Preview Content */,
			);
			path = SnapRecall;
			sourceTree = "<group>";
		};
		015B23642B6DC60700D32935 /* Preview Content */ = {
			isa = PBXGroup;
			children = (
				015B23652B6DC60700D32935 /* Preview Assets.xcassets */,
			);
			path = "Preview Content";
			sourceTree = "<group>";
		};
/* End PBXGroup section */

/* Begin PBXNativeTarget section */
		015B235A2B6DC60500D32935 /* SnapRecall */ = {
			isa = PBXNativeTarget;
			buildConfigurationList = 015B23692B6DC60700D32935 /* Build configuration list for PBXNativeTarget "SnapRecall" */;
			buildPhases = (
				015B23572B6DC60500D32935 /* Sources */,
				015B23582B6DC60500D32935 /* Frameworks */,
				015B23592B6DC60500D32935 /* Resources */,
			);
			buildRules = (
			);
			dependencies = (
			);
			name = SnapRecall;
			productName = SnapRecall;
			productReference = 015B235B2B6DC60500D32935 /* SnapRecall.app */;
			productType = "com.apple.product-type.application";
		};
/* End PBXNativeTarget section */

/* Begin PBXProject section */
		015B23532B6DC60500D32935 /* Project object */ = {
			isa = PBXProject;
			attributes = {
				BuildIndependentTargetsInParallel = 1;
				LastSwiftUpdateCheck = 1500;
				LastUpgradeCheck = 1500;
				TargetAttributes = {
					015B235A2B6DC60500D32935 = {
						CreatedOnToolsVersion = 15.0.1;
					};
				};
			};
			buildConfigurationList = 015B23562B6DC60500D32935 /* Build configuration list for PBXProject "SnapRecall" */;
			compatibilityVersion = "Xcode 14.0";
			developmentRegion = en;
			hasScannedForEncodings = 0;
			knownRegions = (
				en,
				Base,
			);
			mainGroup = 015B23522B6DC60500D32935;
			productRefGroup = 015B235C2B6DC60500D32935 /* Products */;
			projectDirPath = "";
			projectRoot = "";
			targets = (
				015B235A2B6DC60500D32935 /* SnapRecall */,
			);
		};
/* End PBXProject section */

/* Begin PBXResourcesBuildPhase section */
		015B23592B6DC60500D32935 /* Resources */ = {
			isa = PBXResourcesBuildPhase;
			buildActionMask = 2147483647;
			files = (
				015B23662B6DC60700D32935 /* Preview Assets.xcassets in Resources */,
				015B23632B6DC60700D32935 /* Assets.xcassets in Resources */,
			);
			runOnlyForDeploymentPostprocessing = 0;
		};
/* End PBXResourcesBuildPhase section */

/* Begin PBXSourcesBuildPhase section */
		015B23572B6DC60500D32935 /* Sources */ = {
			isa = PBXSourcesBuildPhase;
			buildActionMask = 2147483647;
			files = (
				015B236D2B6DC66100D32935 /* Person.swift in Sources */,
				0116AFDE2B7BEE1C005180B7 /* MapView.swift in Sources */,
				01AA1D0C2B763CE300A5E70E /* DetailView.swift in Sources */,
				015B237B2B70954700D32935 /* ImageConverter.swift in Sources */,
				015B23792B6E6A4D00D32935 /* AddView.swift in Sources */,
				015B23612B6DC60500D32935 /* ContentView.swift in Sources */,
				015B235F2B6DC60500D32935 /* SnapRecallApp.swift in Sources */,
				012DC0542B7A3452009A6A75 /* LocationFetcher.swift in Sources */,
			);
			runOnlyForDeploymentPostprocessing = 0;
		};
/* End PBXSourcesBuildPhase section */

/* Begin XCBuildConfiguration section */
		015B23672B6DC60700D32935 /* Debug */ = {
			isa = XCBuildConfiguration;
			buildSettings = {
				ALWAYS_SEARCH_USER_PATHS = NO;
				ASSETCATALOG_COMPILER_GENERATE_SWIFT_ASSET_SYMBOL_EXTENSIONS = YES;
				CLANG_ANALYZER_NONNULL = YES;
				CLANG_ANALYZER_NUMBER_OBJECT_CONVERSION = YES_AGGRESSIVE;
				CLANG_CXX_LANGUAGE_STANDARD = "gnu++20";
				CLANG_ENABLE_MODULES = YES;
				CLANG_ENABLE_OBJC_ARC = YES;
				CLANG_ENABLE_OBJC_WEAK = YES;
				CLANG_WARN_BLOCK_CAPTURE_AUTORELEASING = YES;
				CLANG_WARN_BOOL_CONVERSION = YES;
				CLANG_WARN_COMMA = YES;
				CLANG_WARN_CONSTANT_CONVERSION = YES;
				CLANG_WARN_DEPRECATED_OBJC_IMPLEMENTATIONS = YES;
				CLANG_WARN_DIRECT_OBJC_ISA_USAGE = YES_ERROR;
				CLANG_WARN_DOCUMENTATION_COMMENTS = YES;
				CLANG_WARN_EMPTY_BODY = YES;
				CLANG_WARN_ENUM_CONVERSION = YES;
				CLANG_WARN_INFINITE_RECURSION = YES;
				CLANG_WARN_INT_CONVERSION = YES;
				CLANG_WARN_NON_LITERAL_NULL_CONVERSION = YES;
				CLANG_WARN_OBJC_IMPLICIT_RETAIN_SELF = YES;
				CLANG_WARN_OBJC_LITERAL_CONVERSION = YES;
				CLANG_WARN_OBJC_ROOT_CLASS = YES_ERROR;
				CLANG_WARN_QUOTED_INCLUDE_IN_FRAMEWORK_HEADER = YES;
				CLANG_WARN_RANGE_LOOP_ANALYSIS = YES;
				CLANG_WARN_STRICT_PROTOTYPES = YES;
				CLANG_WARN_SUSPICIOUS_MOVE = YES;
				CLANG_WARN_UNGUARDED_AVAILABILITY = YES_AGGRESSIVE;
				CLANG_WARN_UNREACHABLE_CODE = YES;
				CLANG_WARN__DUPLICATE_METHOD_MATCH = YES;
				COPY_PHASE_STRIP = NO;
				DEBUG_INFORMATION_FORMAT = dwarf;
				ENABLE_STRICT_OBJC_MSGSEND = YES;
				ENABLE_TESTABILITY = YES;
				ENABLE_USER_SCRIPT_SANDBOXING = YES;
				GCC_C_LANGUAGE_STANDARD = gnu17;
				GCC_DYNAMIC_NO_PIC = NO;
				GCC_NO_COMMON_BLOCKS = YES;
				GCC_OPTIMIZATION_LEVEL = 0;
				GCC_PREPROCESSOR_DEFINITIONS = (
					"DEBUG=1",
					"$(inherited)",
				);
				GCC_WARN_64_TO_32_BIT_CONVERSION = YES;
				GCC_WARN_ABOUT_RETURN_TYPE = YES_ERROR;
				GCC_WARN_UNDECLARED_SELECTOR = YES;
				GCC_WARN_UNINITIALIZED_AUTOS = YES_AGGRESSIVE;
				GCC_WARN_UNUSED_FUNCTION = YES;
				GCC_WARN_UNUSED_VARIABLE = YES;
				IPHONEOS_DEPLOYMENT_TARGET = 17.0;
				LOCALIZATION_PREFERS_STRING_CATALOGS = YES;
				MTL_ENABLE_DEBUG_INFO = INCLUDE_SOURCE;
				MTL_FAST_MATH = YES;
				ONLY_ACTIVE_ARCH = YES;
				SDKROOT = iphoneos;
				SWIFT_ACTIVE_COMPILATION_CONDITIONS = "DEBUG $(inherited)";
				SWIFT_OPTIMIZATION_LEVEL = "-Onone";
			};
			name = Debug;
		};
		015B23682B6DC60700D32935 /* Release */ = {
			isa = XCBuildConfiguration;
			buildSettings = {
				ALWAYS_SEARCH_USER_PATHS = NO;
				ASSETCATALOG_COMPILER_GENERATE_SWIFT_ASSET_SYMBOL_EXTENSIONS = YES;
				CLANG_ANALYZER_NONNULL = YES;
				CLANG_ANALYZER_NUMBER_OBJECT_CONVERSION = YES_AGGRESSIVE;
				CLANG_CXX_LANGUAGE_STANDARD = "gnu++20";
				CLANG_ENABLE_MODULES = YES;
				CLANG_ENABLE_OBJC_ARC = YES;
				CLANG_ENABLE_OBJC_WEAK = YES;
				CLANG_WARN_BLOCK_CAPTURE_AUTORELEASING = YES;
				CLANG_WARN_BOOL_CONVERSION = YES;
				CLANG_WARN_COMMA = YES;
				CLANG_WARN_CONSTANT_CONVERSION = YES;
				CLANG_WARN_DEPRECATED_OBJC_IMPLEMENTATIONS = YES;
				CLANG_WARN_DIRECT_OBJC_ISA_USAGE = YES_ERROR;
				CLANG_WARN_DOCUMENTATION_COMMENTS = YES;
				CLANG_WARN_EMPTY_BODY = YES;
				CLANG_WARN_ENUM_CONVERSION = YES;
				CLANG_WARN_INFINITE_RECURSION = YES;
				CLANG_WARN_INT_CONVERSION = YES;
				CLANG_WARN_NON_LITERAL_NULL_CONVERSION = YES;
				CLANG_WARN_OBJC_IMPLICIT_RETAIN_SELF = YES;
				CLANG_WARN_OBJC_LITERAL_CONVERSION = YES;
				CLANG_WARN_OBJC_ROOT_CLASS = YES_ERROR;
				CLANG_WARN_QUOTED_INCLUDE_IN_FRAMEWORK_HEADER = YES;
				CLANG_WARN_RANGE_LOOP_ANALYSIS = YES;
				CLANG_WARN_STRICT_PROTOTYPES = YES;
				CLANG_WARN_SUSPICIOUS_MOVE = YES;
				CLANG_WARN_UNGUARDED_AVAILABILITY = YES_AGGRESSIVE;
				CLANG_WARN_UNREACHABLE_CODE = YES;
				CLANG_WARN__DUPLICATE_METHOD_MATCH = YES;
				COPY_PHASE_STRIP = NO;
				DEBUG_INFORMATION_FORMAT = "dwarf-with-dsym";
				ENABLE_NS_ASSERTIONS = NO;
				ENABLE_STRICT_OBJC_MSGSEND = YES;
				ENABLE_USER_SCRIPT_SANDBOXING = YES;
				GCC_C_LANGUAGE_STANDARD = gnu17;
				GCC_NO_COMMON_BLOCKS = YES;
				GCC_WARN_64_TO_32_BIT_CONVERSION = YES;
				GCC_WARN_ABOUT_RETURN_TYPE = YES_ERROR;
				GCC_WARN_UNDECLARED_SELECTOR = YES;
				GCC_WARN_UNINITIALIZED_AUTOS = YES_AGGRESSIVE;
				GCC_WARN_UNUSED_FUNCTION = YES;
				GCC_WARN_UNUSED_VARIABLE = YES;
				IPHONEOS_DEPLOYMENT_TARGET = 17.0;
				LOCALIZATION_PREFERS_STRING_CATALOGS = YES;
				MTL_ENABLE_DEBUG_INFO = NO;
				MTL_FAST_MATH = YES;
				SDKROOT = iphoneos;
				SWIFT_COMPILATION_MODE = wholemodule;
				VALIDATE_PRODUCT = YES;
			};
			name = Release;
		};
		015B236A2B6DC60700D32935 /* Debug */ = {
			isa = XCBuildConfiguration;
			buildSettings = {
				ASSETCATALOG_COMPILER_APPICON_NAME = AppIcon;
				ASSETCATALOG_COMPILER_GLOBAL_ACCENT_COLOR_NAME = AccentColor;
				CODE_SIGN_STYLE = Automatic;
				CURRENT_PROJECT_VERSION = 1;
				DEVELOPMENT_ASSET_PATHS = "\"SnapRecall/Preview Content\"";
				DEVELOPMENT_TEAM = Y7QWGUMC44;
				ENABLE_PREVIEWS = YES;
				GENERATE_INFOPLIST_FILE = YES;
				INFOPLIST_FILE = SnapRecall/Info.plist;
				INFOPLIST_KEY_NSLocationWhenInUseUsageDescription = "Allows the user to remember where they save the person";
				INFOPLIST_KEY_UIApplicationSceneManifest_Generation = YES;
				INFOPLIST_KEY_UIApplicationSupportsIndirectInputEvents = YES;
				INFOPLIST_KEY_UILaunchScreen_Generation = YES;
				INFOPLIST_KEY_UISupportedInterfaceOrientations_iPad = "UIInterfaceOrientationPortrait UIInterfaceOrientationPortraitUpsideDown UIInterfaceOrientationLandscapeLeft UIInterfaceOrientationLandscapeRight";
				INFOPLIST_KEY_UISupportedInterfaceOrientations_iPhone = "UIInterfaceOrientationPortrait UIInterfaceOrientationLandscapeLeft UIInterfaceOrientationLandscapeRight";
				LD_RUNPATH_SEARCH_PATHS = (
					"$(inherited)",
					"@executable_path/Frameworks",
				);
				MARKETING_VERSION = 1.0;
				PRODUCT_BUNDLE_IDENTIFIER = me.ng.jordan.SnapRecall;
				PRODUCT_NAME = "$(TARGET_NAME)";
				SWIFT_EMIT_LOC_STRINGS = YES;
				SWIFT_VERSION = 5.0;
				TARGETED_DEVICE_FAMILY = "1,2";
			};
			name = Debug;
		};
		015B236B2B6DC60700D32935 /* Release */ = {
			isa = XCBuildConfiguration;
			buildSettings = {
				ASSETCATALOG_COMPILER_APPICON_NAME = AppIcon;
				ASSETCATALOG_COMPILER_GLOBAL_ACCENT_COLOR_NAME = AccentColor;
				CODE_SIGN_STYLE = Automatic;
				CURRENT_PROJECT_VERSION = 1;
				DEVELOPMENT_ASSET_PATHS = "\"SnapRecall/Preview Content\"";
				DEVELOPMENT_TEAM = Y7QWGUMC44;
				ENABLE_PREVIEWS = YES;
				GENERATE_INFOPLIST_FILE = YES;
				INFOPLIST_FILE = SnapRecall/Info.plist;
				INFOPLIST_KEY_NSLocationWhenInUseUsageDescription = "Allows the user to remember where they save the person";
				INFOPLIST_KEY_UIApplicationSceneManifest_Generation = YES;
				INFOPLIST_KEY_UIApplicationSupportsIndirectInputEvents = YES;
				INFOPLIST_KEY_UILaunchScreen_Generation = YES;
				INFOPLIST_KEY_UISupportedInterfaceOrientations_iPad = "UIInterfaceOrientationPortrait UIInterfaceOrientationPortraitUpsideDown UIInterfaceOrientationLandscapeLeft UIInterfaceOrientationLandscapeRight";
				INFOPLIST_KEY_UISupportedInterfaceOrientations_iPhone = "UIInterfaceOrientationPortrait UIInterfaceOrientationLandscapeLeft UIInterfaceOrientationLandscapeRight";
				LD_RUNPATH_SEARCH_PATHS = (
					"$(inherited)",
					"@executable_path/Frameworks",
				);
				MARKETING_VERSION = 1.0;
				PRODUCT_BUNDLE_IDENTIFIER = me.ng.jordan.SnapRecall;
				PRODUCT_NAME = "$(TARGET_NAME)";
				SWIFT_EMIT_LOC_STRINGS = YES;
				SWIFT_VERSION = 5.0;
				TARGETED_DEVICE_FAMILY = "1,2";
			};
			name = Release;
		};
/* End XCBuildConfiguration section */

/* Begin XCConfigurationList section */
		015B23562B6DC60500D32935 /* Build configuration list for PBXProject "SnapRecall" */ = {
			isa = XCConfigurationList;
			buildConfigurations = (
				015B23672B6DC60700D32935 /* Debug */,
				015B23682B6DC60700D32935 /* Release */,
			);
			defaultConfigurationIsVisible = 0;
			defaultConfigurationName = Release;
		};
		015B23692B6DC60700D32935 /* Build configuration list for PBXNativeTarget "SnapRecall" */ = {
			isa = XCConfigurationList;
			buildConfigurations = (
				015B236A2B6DC60700D32935 /* Debug */,
				015B236B2B6DC60700D32935 /* Release */,
			);
			defaultConfigurationIsVisible = 0;
			defaultConfigurationName = Release;
		};
/* End XCConfigurationList section */
	};
	rootObject = 015B23532B6DC60500D32935 /* Project object */;
}
